
Microsoft Visual Studio Solution File, Format Version 12.00
# Visual Studio Version 17
VisualStudioVersion = 17.8.34322.80
MinimumVisualStudioVersion = 10.0.40219.1
Project("{9A19103F-16F7-4668-BE54-9A1E7A4F7556}") = "SlimResult", "SlimResult\SlimResult.csproj", "{F52D741A-1932-47A2-A6CB-01D147EB2944}"
EndProject
Project("{9A19103F-16F7-4668-BE54-9A1E7A4F7556}") = "SlimResult.Test", "SlimResult.Test\SlimResult.Test.csproj", "{F001B6A4-7376-4158-9B0C-756EBDACDCEF}"
EndProject
Global
	GlobalSection(SolutionConfigurationPlatforms) = preSolution
		Debug|Any CPU = Debug|Any CPU
		Release|Any CPU = Release|Any CPU
	EndGlobalSection
	GlobalSection(ProjectConfigurationPlatforms) = postSolution
		{F52D741A-1932-47A2-A6CB-01D147EB2944}.Debug|Any CPU.ActiveCfg = Debug|Any CPU
		{F52D741A-1932-47A2-A6CB-01D147EB2944}.Debug|Any CPU.Build.0 = Debug|Any CPU
		{F52D741A-1932-47A2-A6CB-01D147EB2944}.Release|Any CPU.ActiveCfg = Release|Any CPU
		{F52D741A-1932-47A2-A6CB-01D147EB2944}.Release|Any CPU.Build.0 = Release|Any CPU
		{F001B6A4-7376-4158-9B0C-756EBDACDCEF}.Debug|Any CPU.ActiveCfg = Debug|Any CPU
		{F001B6A4-7376-4158-9B0C-756EBDACDCEF}.Debug|Any CPU.Build.0 = Debug|Any CPU
		{F001B6A4-7376-4158-9B0C-756EBDACDCEF}.Release|Any CPU.ActiveCfg = Release|Any CPU
		{F001B6A4-7376-4158-9B0C-756EBDACDCEF}.Release|Any CPU.Build.0 = Release|Any CPU
	EndGlobalSection
	GlobalSection(SolutionProperties) = preSolution
		HideSolutionNode = FALSE
	EndGlobalSection
	GlobalSection(ExtensibilityGlobals) = postSolution
		SolutionGuid = {273E888A-4F8A-44FE-8877-FD30E76A1E9A}
	EndGlobalSection
EndGlobal
